<?xml version="1.0" encoding="utf-8"?>
<Project ToolsVersion="4.0" xmlns="http://schemas.microsoft.com/developer/msbuild/2003">
  <ItemGroup>
    <ClCompile Include="Animations.cpp" />
    <ClCompile Include="BigJason.cpp" />
    <ClCompile Include="BigJasonBullet.cpp" />
    <ClCompile Include="Boss.cpp" />
    <ClCompile Include="Brick.cpp" />
    <ClCompile Include="BulletBoss.cpp" />
    <ClCompile Include="BulletEyeball.cpp" />
    <ClCompile Include="BulletFloaters.cpp" />
    <ClCompile Include="BulletObject.cpp" />
    <ClCompile Include="BulletShip.cpp" />
    <ClCompile Include="BulletSkull.cpp" />
    <ClCompile Include="Camera.cpp" />
    <ClCompile Include="CannonBullet.cpp" />
    <ClCompile Include="Cannons.cpp" />
    <ClCompile Include="Enemy.cpp" />
    <ClCompile Include="EnemyBullet.cpp" />
    <ClCompile Include="Eyeballs.cpp" />
    <ClCompile Include="Floaters.cpp" />
    <ClCompile Include="FollowBullet.cpp" />
    <ClCompile Include="FollowBullets.cpp" />
    <ClCompile Include="Font.cpp" />
    <ClCompile Include="GameDefine.cpp" />
    <ClCompile Include="Domes.cpp" />
    <ClCompile Include="Golem.cpp" />
    <ClCompile Include="Grid.cpp" />
    <ClCompile Include="HP.cpp" />
    <ClCompile Include="HUD.cpp" />
    <ClCompile Include="Insect.cpp" />
    <ClCompile Include="Intro.cpp" />
    <ClCompile Include="Item.cpp" />
    <ClCompile Include="JasonBullet.cpp" />
    <ClCompile Include="Koopas.cpp" />
    <ClCompile Include="Ladder.cpp" />
    <ClCompile Include="Lava.cpp" />
    <ClCompile Include="Map.cpp" />
    <ClCompile Include="Jason.cpp" />
    <ClCompile Include="MiniScene.cpp" />
    <ClCompile Include="Orbs.cpp" />
    <ClCompile Include="Portal.cpp" />
    <ClCompile Include="RockOVH.cpp" />
    <ClCompile Include="Ship.cpp" />
    <ClCompile Include="Skulls.cpp" />
    <ClCompile Include="SophiaBullet.cpp" />
    <ClCompile Include="Sound.cpp" />
    <ClCompile Include="StateCRAWL.cpp" />
    <ClCompile Include="StateFALL.cpp" />
    <ClCompile Include="StateFALLGunUP.cpp" />
    <ClCompile Include="StateFALLTurn.cpp" />
    <ClCompile Include="StateIDLE.cpp" />
    <ClCompile Include="StateIDLEGunUP.cpp" />
    <ClCompile Include="StateJUMP.cpp" />
    <ClCompile Include="StateJUMPGunUP.cpp" />
    <ClCompile Include="StateJUMPTurn.cpp" />
    <ClCompile Include="StateLOWEREDGun.cpp" />
    <ClCompile Include="StateOPENCabin.cpp" />
    <ClCompile Include="StateRAISEDGun.cpp" />
    <ClCompile Include="StateTURN.cpp" />
    <ClCompile Include="StateWALKING.cpp" />
    <ClCompile Include="StateWALKINGGunUP.cpp" />
    <ClCompile Include="ThornOVERHEAD.cpp" />
    <ClCompile Include="ThornOVERWORLD.cpp" />
    <ClCompile Include="ThreeBullet.cpp" />
    <ClCompile Include="ThunderBullet.cpp" />
    <ClCompile Include="Teleporters.cpp" />
    <ClCompile Include="Utils.cpp" />
    <ClCompile Include="Game.cpp" />
    <ClCompile Include="GameObject.cpp" />
    <ClCompile Include="Goomba.cpp" />
    <ClCompile Include="main.cpp" />
    <ClCompile Include="Sophia.cpp" />
    <ClCompile Include="PlayScence.cpp" />
    <ClCompile Include="Scence.cpp" />
    <ClCompile Include="Sprites.cpp" />
    <ClCompile Include="Textures.cpp" />
    <ClCompile Include="Worms.cpp" />
    <ClCompile Include="Animations.cpp" />
    <ClCompile Include="BigJason.cpp" />
    <ClCompile Include="BigJasonBullet.cpp" />
    <ClCompile Include="Boss.cpp" />
    <ClCompile Include="Brick.cpp" />
    <ClCompile Include="BulletBoss.cpp" />
    <ClCompile Include="BulletEyeball.cpp" />
    <ClCompile Include="BulletFloaters.cpp" />
    <ClCompile Include="BulletObject.cpp" />
    <ClCompile Include="BulletShip.cpp" />
    <ClCompile Include="BulletSkull.cpp" />
    <ClCompile Include="Camera.cpp" />
    <ClCompile Include="CannonBullet.cpp" />
    <ClCompile Include="Cannons.cpp" />
    <ClCompile Include="Enemy.cpp" />
    <ClCompile Include="EnemyBullet.cpp" />
    <ClCompile Include="Eyeballs.cpp" />
    <ClCompile Include="Floaters.cpp" />
    <ClCompile Include="FollowBullet.cpp" />
    <ClCompile Include="FollowBullets.cpp" />
    <ClCompile Include="Font.cpp" />
    <ClCompile Include="GameDefine.cpp" />
    <ClCompile Include="Domes.cpp" />
    <ClCompile Include="Golem.cpp" />
    <ClCompile Include="Grid.cpp" />
    <ClCompile Include="HP.cpp" />
    <ClCompile Include="HUD.cpp" />
    <ClCompile Include="Insect.cpp" />
    <ClCompile Include="Intro.cpp" />
    <ClCompile Include="Item.cpp" />
    <ClCompile Include="JasonBullet.cpp" />
    <ClCompile Include="Koopas.cpp" />
    <ClCompile Include="Ladder.cpp" />
    <ClCompile Include="Lava.cpp" />
    <ClCompile Include="Map.cpp" />
    <ClCompile Include="Jason.cpp" />
    <ClCompile Include="MiniScene.cpp" />
    <ClCompile Include="Orbs.cpp" />
    <ClCompile Include="Portal.cpp" />
    <ClCompile Include="RockOVH.cpp" />
    <ClCompile Include="Ship.cpp" />
    <ClCompile Include="Skulls.cpp" />
    <ClCompile Include="SophiaBullet.cpp" />
    <ClCompile Include="Sound.cpp" />
    <ClCompile Include="StateCRAWL.cpp" />
    <ClCompile Include="StateFALL.cpp" />
    <ClCompile Include="StateFALLGunUP.cpp" />
    <ClCompile Include="StateFALLTurn.cpp" />
    <ClCompile Include="StateIDLE.cpp" />
    <ClCompile Include="StateIDLEGunUP.cpp" />
    <ClCompile Include="StateJUMP.cpp" />
    <ClCompile Include="StateJUMPGunUP.cpp" />
    <ClCompile Include="StateJUMPTurn.cpp" />
    <ClCompile Include="StateLOWEREDGun.cpp" />
    <ClCompile Include="StateOPENCabin.cpp" />
    <ClCompile Include="StateRAISEDGun.cpp" />
    <ClCompile Include="StateTURN.cpp" />
    <ClCompile Include="StateWALKING.cpp" />
    <ClCompile Include="StateWALKINGGunUP.cpp" />
    <ClCompile Include="ThornOVERHEAD.cpp" />
    <ClCompile Include="ThornOVERWORLD.cpp" />
    <ClCompile Include="ThreeBullet.cpp" />
    <ClCompile Include="ThunderBullet.cpp" />
    <ClCompile Include="Teleporters.cpp" />
    <ClCompile Include="Utils.cpp" />
    <ClCompile Include="Game.cpp" />
    <ClCompile Include="GameObject.cpp" />
    <ClCompile Include="Goomba.cpp" />
    <ClCompile Include="main.cpp" />
    <ClCompile Include="Sophia.cpp" />
    <ClCompile Include="PlayScence.cpp" />
    <ClCompile Include="Scence.cpp" />
    <ClCompile Include="Sprites.cpp" />
    <ClCompile Include="Textures.cpp" />
    <ClCompile Include="Worms.cpp" />
    <ClCompile Include="Bosshand.cpp" />
    <ClCompile Include="BossArm.cpp" />
    <ClCompile Include="HUDEnergy.cpp" />
    <ClCompile Include="Energy.cpp" />
    <ClCompile Include="StateCLIMB.cpp" />
    <ClCompile Include="StateDead.cpp" />
  </ItemGroup>
  <ItemGroup>
    <ClInclude Include="Animations.h" />
    <ClInclude Include="BigJason.h" />
    <ClInclude Include="BigJasonBullet.h" />
    <ClInclude Include="Boss.h" />
    <ClInclude Include="Brick.h" />
    <ClInclude Include="BulletBoss.h" />
    <ClInclude Include="BulletEyeball.h" />
    <ClInclude Include="BulletFloaters.h" />
    <ClInclude Include="BulletObject.h" />
    <ClInclude Include="BulletShip.h" />
    <ClInclude Include="BulletSkull.h" />
    <ClInclude Include="Camera.h" />
    <ClInclude Include="CannonBullet.h" />
    <ClInclude Include="Cannons.h" />
    <ClInclude Include="Domes.h" />
    <ClInclude Include="Enemy.h" />
    <ClInclude Include="EnemyBullet.h" />
    <ClInclude Include="Eyeballs.h" />
    <ClInclude Include="Floaters.h" />
    <ClInclude Include="FollowBullet.h" />
    <ClInclude Include="FollowBullets.h" />
    <ClInclude Include="Font.h" />
    <ClInclude Include="GameDefine.h" />
    <ClInclude Include="Golem.h" />
    <ClInclude Include="Grid.h" />
    <ClInclude Include="Insect.h" />
    <ClInclude Include="HP.h" />
    <ClInclude Include="HUD.h" />
    <ClInclude Include="Intro.h" />
    <ClInclude Include="Item.h" />
    <ClInclude Include="JasonBullet.h" />
    <ClInclude Include="Koopas.h" />
    <ClInclude Include="Ladder.h" />
    <ClInclude Include="Lava.h" />
    <ClInclude Include="Map.h" />
    <ClInclude Include="Jason.h" />
    <ClInclude Include="MiniScene.h" />
    <ClInclude Include="Orbs.h" />
    <ClInclude Include="Portal.h" />
    <ClInclude Include="RockOVH.h" />
    <ClInclude Include="Ship.h" />
    <ClInclude Include="Skulls.h" />
    <ClInclude Include="resource.h" />
    <ClInclude Include="SophiaBullet.h" />
    <ClInclude Include="Sound.h" />
    <ClInclude Include="StateCRAWL.h" />
    <ClInclude Include="StateFALL.h" />
    <ClInclude Include="StateFALLGunUP.h" />
    <ClInclude Include="StateFALLTurn.h" />
    <ClInclude Include="StateIDLEGunUP.h" />
    <ClInclude Include="StateJUMP.h" />
    <ClInclude Include="StateJUMPGunUP.h" />
    <ClInclude Include="StateJUMPTurn.h" />
    <ClInclude Include="StateLOWEREDGun.h" />
    <ClInclude Include="StateOPENCabin.h" />
    <ClInclude Include="StateRAISEDGun.h" />
    <ClInclude Include="StateTURN.h" />
    <ClInclude Include="StateWALKING.h" />
    <ClInclude Include="State.h" />
    <ClInclude Include="StateIDLE.h" />
    <ClInclude Include="StateWALKINGGunUP.h" />
    <ClInclude Include="ThornOVERHEAD.h" />
    <ClInclude Include="ThornOVERWORLD.h" />
    <ClInclude Include="ThreeBullet.h" />
    <ClInclude Include="Teleporters.h" />
    <ClInclude Include="ThunderBullet.h" />
    <ClInclude Include="Utils.h" />
    <ClInclude Include="Game.h" />
    <ClInclude Include="GameObject.h" />
    <ClInclude Include="Goomba.h" />
    <ClInclude Include="KeyEventHandler.h" />
    <ClInclude Include="Sophia.h" />
    <ClInclude Include="PlayScence.h" />
    <ClInclude Include="Scence.h" />
    <ClInclude Include="Sprites.h" />
    <ClInclude Include="Textures.h" />
    <ClInclude Include="Worms.h" />
    <ClInclude Include="Animations.h" />
    <ClInclude Include="BigJason.h" />
    <ClInclude Include="BigJasonBullet.h" />
    <ClInclude Include="Boss.h" />
    <ClInclude Include="Brick.h" />
    <ClInclude Include="BulletBoss.h" />
    <ClInclude Include="BulletEyeball.h" />
    <ClInclude Include="BulletFloaters.h" />
    <ClInclude Include="BulletObject.h" />
    <ClInclude Include="BulletShip.h" />
    <ClInclude Include="BulletSkull.h" />
    <ClInclude Include="Camera.h" />
    <ClInclude Include="CannonBullet.h" />
    <ClInclude Include="Cannons.h" />
    <ClInclude Include="Domes.h" />
    <ClInclude Include="Enemy.h" />
    <ClInclude Include="EnemyBullet.h" />
    <ClInclude Include="Eyeballs.h" />
    <ClInclude Include="Floaters.h" />
    <ClInclude Include="FollowBullet.h" />
    <ClInclude Include="FollowBullets.h" />
    <ClInclude Include="Font.h" />
    <ClInclude Include="GameDefine.h" />
    <ClInclude Include="Golem.h" />
    <ClInclude Include="Grid.h" />
    <ClInclude Include="Insect.h" />
    <ClInclude Include="HP.h" />
    <ClInclude Include="HUD.h" />
    <ClInclude Include="Intro.h" />
    <ClInclude Include="Item.h" />
    <ClInclude Include="JasonBullet.h" />
    <ClInclude Include="Koopas.h" />
    <ClInclude Include="Ladder.h" />
    <ClInclude Include="Lava.h" />
    <ClInclude Include="Map.h" />
    <ClInclude Include="Jason.h" />
    <ClInclude Include="MiniScene.h" />
    <ClInclude Include="Orbs.h" />
    <ClInclude Include="Portal.h" />
    <ClInclude Include="RockOVH.h" />
    <ClInclude Include="Ship.h" />
    <ClInclude Include="Skulls.h" />
    <ClInclude Include="resource.h" />
    <ClInclude Include="SophiaBullet.h" />
    <ClInclude Include="Sound.h" />
    <ClInclude Include="StateCRAWL.h" />
    <ClInclude Include="StateFALL.h" />
    <ClInclude Include="StateFALLGunUP.h" />
    <ClInclude Include="StateFALLTurn.h" />
    <ClInclude Include="StateIDLEGunUP.h" />
    <ClInclude Include="StateJUMP.h" />
    <ClInclude Include="StateJUMPGunUP.h" />
    <ClInclude Include="StateJUMPTurn.h" />
    <ClInclude Include="StateLOWEREDGun.h" />
    <ClInclude Include="StateOPENCabin.h" />
    <ClInclude Include="StateRAISEDGun.h" />
    <ClInclude Include="StateTURN.h" />
    <ClInclude Include="StateWALKING.h" />
    <ClInclude Include="State.h" />
    <ClInclude Include="StateIDLE.h" />
    <ClInclude Include="StateWALKINGGunUP.h" />
    <ClInclude Include="ThornOVERHEAD.h" />
    <ClInclude Include="ThornOVERWORLD.h" />
    <ClInclude Include="ThreeBullet.h" />
    <ClInclude Include="Teleporters.h" />
    <ClInclude Include="ThunderBullet.h" />
    <ClInclude Include="Utils.h" />
    <ClInclude Include="Game.h" />
    <ClInclude Include="GameObject.h" />
    <ClInclude Include="Goomba.h" />
    <ClInclude Include="KeyEventHandler.h" />
    <ClInclude Include="Sophia.h" />
    <ClInclude Include="PlayScence.h" />
    <ClInclude Include="Scence.h" />
    <ClInclude Include="Sprites.h" />
    <ClInclude Include="Textures.h" />
    <ClInclude Include="Worms.h" />
    <ClInclude Include="BossHand.h" />
    <ClInclude Include="BossArm.h" />
    <ClInclude Include="HUDEnergy.h" />
    <ClInclude Include="Energy.h" />
    <ClInclude Include="StateCLIMB.h" />
    <ClInclude Include="StateDead.h" />
  </ItemGroup>
  <ItemGroup>
    <ResourceCompile Include="BlasterMaster.rc" />
  </ItemGroup>
  <ItemGroup>
    <Text Include="text\Intro.txt" />
    <Text Include="text\Overhead.txt" />
    <Text Include="text\Overworld.txt" />
    <Text Include="text\Setting.txt" />
    <Text Include="text\ResourcesFile.txt" />
    <Text Include="text\Intro.txt" />
    <Text Include="text\Overhead.txt" />
    <Text Include="text\Overworld.txt" />
    <Text Include="text\Setting.txt" />
  </ItemGroup>
</Project>