<?xml version="1.0" encoding="utf-8"?>
<Project ToolsVersion="4.0" xmlns="http://schemas.microsoft.com/developer/msbuild/2003">
  <ItemGroup>
    <Filter Include="Source Files">
      <UniqueIdentifier>{4FC737F1-C7A5-4376-A066-2A32D752A2FF}</UniqueIdentifier>
      <Extensions>cpp;c;cc;cxx;def;odl;idl;hpj;bat;asm;asmx</Extensions>
    </Filter>
    <Filter Include="Header Files">
      <UniqueIdentifier>{93995380-89BD-4b04-88EB-625FBE52EBFB}</UniqueIdentifier>
      <Extensions>h;hh;hpp;hxx;hm;inl;inc;xsd</Extensions>
    </Filter>
    <Filter Include="Resource Files">
      <UniqueIdentifier>{67DA6AB6-F800-4c08-8B7A-83BB121AAD01}</UniqueIdentifier>
      <Extensions>rc;ico;cur;bmp;dlg;rc2;rct;bin;rgs;gif;jpg;jpeg;jpe;resx;tiff;tif;png;wav;mfcribbon-ms</Extensions>
    </Filter>
    <Filter Include="Framework">
      <UniqueIdentifier>{16fc35ec-36ad-40ed-8d41-9608615f2a3a}</UniqueIdentifier>
    </Filter>
    <Filter Include="Framework\Game">
      <UniqueIdentifier>{85600d58-6777-4cd2-a691-77f77f4f8a62}</UniqueIdentifier>
    </Filter>
    <Filter Include="Framework\GameObject">
      <UniqueIdentifier>{7d4427f5-ff0f-4bfa-8cee-24604a2b8f16}</UniqueIdentifier>
    </Filter>
    <Filter Include="Framework\GameObject\Player">
      <UniqueIdentifier>{b4c460b1-5dd8-4ede-aed1-5108e41d31ce}</UniqueIdentifier>
    </Filter>
    <Filter Include="Framework\GameObject\GameObject">
      <UniqueIdentifier>{037eda8a-4994-4fe9-8d04-2d8e2cb0d81d}</UniqueIdentifier>
    </Filter>
    <Filter Include="Framework\Game\GameDefine">
      <UniqueIdentifier>{183570da-78ad-4454-9f57-f498c6a0a68a}</UniqueIdentifier>
    </Filter>
    <Filter Include="Framework\Game\Graphics">
      <UniqueIdentifier>{c79f6e6b-5182-4f07-9f60-4c17cbc81ff6}</UniqueIdentifier>
    </Filter>
    <Filter Include="Framework\Game\Scence">
      <UniqueIdentifier>{4ef561ba-0058-4368-82cc-7175539f1ff4}</UniqueIdentifier>
    </Filter>
    <Filter Include="Framework\Game\Scence\Map">
      <UniqueIdentifier>{f3a90e3d-1025-44ac-a56a-6242d4a945c0}</UniqueIdentifier>
    </Filter>
    <Filter Include="Framework\Game\Scence\Camera">
      <UniqueIdentifier>{ea0938a0-fe8b-4b5a-a58e-ae9bc42e7d6c}</UniqueIdentifier>
    </Filter>
    <Filter Include="Framework\GameObject\GameObject\StateMachine">
      <UniqueIdentifier>{060cb22e-7598-4e80-8f3c-c9dbf8c74ac9}</UniqueIdentifier>
    </Filter>
  </ItemGroup>
  <ItemGroup>
    <ClCompile Include="Brick.cpp">
      <Filter>Source Files</Filter>
    </ClCompile>
    <ClCompile Include="Goomba.cpp">
      <Filter>Source Files</Filter>
    </ClCompile>
    <ClCompile Include="Koopas.cpp">
      <Filter>Source Files</Filter>
    </ClCompile>
    <ClCompile Include="Portal.cpp">
      <Filter>Source Files</Filter>
    </ClCompile>
    <ClCompile Include="Sophia.cpp">
      <Filter>Framework\GameObject\Player</Filter>
    </ClCompile>
    <ClCompile Include="Camera.cpp">
      <Filter>Framework\Game\Scence\Camera</Filter>
    </ClCompile>
    <ClCompile Include="Map.cpp">
      <Filter>Framework\Game\Scence\Map</Filter>
    </ClCompile>
    <ClCompile Include="Utils.cpp">
      <Filter>Framework\Game\GameDefine</Filter>
    </ClCompile>
    <ClCompile Include="Animations.cpp">
      <Filter>Framework\Game\Graphics</Filter>
    </ClCompile>
    <ClCompile Include="Sprites.cpp">
      <Filter>Framework\Game\Graphics</Filter>
    </ClCompile>
    <ClCompile Include="Textures.cpp">
      <Filter>Framework\Game\Graphics</Filter>
    </ClCompile>
    <ClCompile Include="PlayScence.cpp">
      <Filter>Framework\Game\Scence</Filter>
    </ClCompile>
    <ClCompile Include="Scence.cpp">
      <Filter>Framework\Game\Scence</Filter>
    </ClCompile>
    <ClCompile Include="Game.cpp">
      <Filter>Framework\Game</Filter>
    </ClCompile>
    <ClCompile Include="main.cpp">
      <Filter>Framework\Game</Filter>
    </ClCompile>
    <ClCompile Include="GameObject.cpp">
      <Filter>Framework\GameObject\GameObject</Filter>
    </ClCompile>
    <ClCompile Include="State.cpp">
      <Filter>Framework\GameObject\GameObject\StateMachine</Filter>
    </ClCompile>
  </ItemGroup>
  <ItemGroup>
    <ClInclude Include="Brick.h">
      <Filter>Header Files</Filter>
    </ClInclude>
    <ClInclude Include="Goomba.h">
      <Filter>Header Files</Filter>
    </ClInclude>
    <ClInclude Include="Koopas.h">
      <Filter>Header Files</Filter>
    </ClInclude>
    <ClInclude Include="Portal.h">
      <Filter>Header Files</Filter>
    </ClInclude>
    <ClInclude Include="Sophia.h">
      <Filter>Framework\GameObject\Player</Filter>
    </ClInclude>
    <ClInclude Include="Camera.h">
      <Filter>Framework\Game\Scence\Camera</Filter>
    </ClInclude>
    <ClInclude Include="Map.h">
      <Filter>Framework\Game\Scence\Map</Filter>
    </ClInclude>
    <ClInclude Include="GameDefine.h">
      <Filter>Framework\Game\GameDefine</Filter>
    </ClInclude>
    <ClInclude Include="Utils.h">
      <Filter>Framework\Game\GameDefine</Filter>
    </ClInclude>
    <ClInclude Include="Sprites.h">
      <Filter>Framework\Game\Graphics</Filter>
    </ClInclude>
    <ClInclude Include="Textures.h">
      <Filter>Framework\Game\Graphics</Filter>
    </ClInclude>
    <ClInclude Include="Animations.h">
      <Filter>Framework\Game\Graphics</Filter>
    </ClInclude>
    <ClInclude Include="PlayScence.h">
      <Filter>Framework\Game\Scence</Filter>
    </ClInclude>
    <ClInclude Include="Scence.h">
      <Filter>Framework\Game\Scence</Filter>
    </ClInclude>
    <ClInclude Include="Game.h">
      <Filter>Framework\Game</Filter>
    </ClInclude>
    <ClInclude Include="KeyEventHandler.h">
      <Filter>Framework\Game</Filter>
    </ClInclude>
    <ClInclude Include="GameObject.h">
      <Filter>Framework\GameObject\GameObject</Filter>
    </ClInclude>
    <ClInclude Include="State.h">
      <Filter>Framework\GameObject\GameObject\StateMachine</Filter>
    </ClInclude>
  </ItemGroup>
</Project>